PODS:
  - DZNEmptyDataSet (1.8.1)
  - FMDB (2.6.2):
    - FMDB/standard (= 2.6.2)
  - FMDB/standard (2.6.2)
  - IQKeyboardManager (4.0.13)
  - SVProgressHUD (2.2.5)
  - TZImagePickerController (3.2.1)

DEPENDENCIES:
  - DZNEmptyDataSet (~> 1.8.1)
  - FMDB (~> 2.6.2)
  - IQKeyboardManager (~> 4.0.8)
  - SVProgressHUD
  - TZImagePickerController (~> 3.2.1)

SPEC CHECKSUMS:
  DZNEmptyDataSet: 9525833b9e68ac21c30253e1d3d7076cc828eaa7
  FMDB: 854a0341b4726e53276f2a8996f06f1b80f9259a
  IQKeyboardManager: 8eab4d8111418414619d1df8e4779ce5d0f8d7e2
  SVProgressHUD: 1428aafac632c1f86f62aa4243ec12008d7a51d6
  TZImagePickerController: bf4c57b98d8707fce41ea6be872414a71c7a8c9d

PODFILE CHECKSUM: 0affedc56fa8817377c49ed77386765507120a29

COCOAPODS: 1.1.1
